
Microsoft Visual Studio Solution File, Format Version 12.00
Project("{FAE04EC0-301F-11D3-BF4B-00C04F79EFBC}") = "Bee1036", "Bee1036\Bee1036.csproj", "{69AA3CC3-5A52-43C5-9B2D-E94184C4FED2}"
EndProject
Global
	GlobalSection(SolutionConfigurationPlatforms) = preSolution
		Debug|Any CPU = Debug|Any CPU
		Release|Any CPU = Release|Any CPU
	EndGlobalSection
	GlobalSection(ProjectConfigurationPlatforms) = postSolution
		{69AA3CC3-5A52-43C5-9B2D-E94184C4FED2}.Debug|Any CPU.ActiveCfg = Debug|Any CPU
		{69AA3CC3-5A52-43C5-9B2D-E94184C4FED2}.Debug|Any CPU.Build.0 = Debug|Any CPU
		{69AA3CC3-5A52-43C5-9B2D-E94184C4FED2}.Release|Any CPU.ActiveCfg = Release|Any CPU
		{69AA3CC3-5A52-43C5-9B2D-E94184C4FED2}.Release|Any CPU.Build.0 = Release|Any CPU
	EndGlobalSection
EndGlobal
