
Microsoft Visual Studio Solution File, Format Version 12.00
# Visual Studio Version 17
VisualStudioVersion = 17.9.34728.123
MinimumVisualStudioVersion = 10.0.40219.1
Project("{FAE04EC0-301F-11D3-BF4B-00C04F79EFBC}") = "Bee1010", "Bee1010\Bee1010.csproj", "{58EF1F0F-FCB0-46A0-AEB9-31A01BF681F1}"
EndProject
Global
	GlobalSection(SolutionConfigurationPlatforms) = preSolution
		Debug|Any CPU = Debug|Any CPU
		Release|Any CPU = Release|Any CPU
	EndGlobalSection
	GlobalSection(ProjectConfigurationPlatforms) = postSolution
		{58EF1F0F-FCB0-46A0-AEB9-31A01BF681F1}.Debug|Any CPU.ActiveCfg = Debug|Any CPU
		{58EF1F0F-FCB0-46A0-AEB9-31A01BF681F1}.Debug|Any CPU.Build.0 = Debug|Any CPU
		{58EF1F0F-FCB0-46A0-AEB9-31A01BF681F1}.Release|Any CPU.ActiveCfg = Release|Any CPU
		{58EF1F0F-FCB0-46A0-AEB9-31A01BF681F1}.Release|Any CPU.Build.0 = Release|Any CPU
	EndGlobalSection
	GlobalSection(SolutionProperties) = preSolution
		HideSolutionNode = FALSE
	EndGlobalSection
	GlobalSection(ExtensibilityGlobals) = postSolution
		SolutionGuid = {6A2194EE-D148-4311-ADB2-9FF02CA5669F}
	EndGlobalSection
EndGlobal
