
Microsoft Visual Studio Solution File, Format Version 12.00
# Visual Studio Version 17
VisualStudioVersion = 17.9.34728.123
MinimumVisualStudioVersion = 10.0.40219.1
Project("{FAE04EC0-301F-11D3-BF4B-00C04F79EFBC}") = "Bee1002", "Bee1002\Bee1002.csproj", "{7A7699C8-CB4D-4348-AF19-28C8F08A35AE}"
EndProject
Global
	GlobalSection(SolutionConfigurationPlatforms) = preSolution
		Debug|Any CPU = Debug|Any CPU
		Release|Any CPU = Release|Any CPU
	EndGlobalSection
	GlobalSection(ProjectConfigurationPlatforms) = postSolution
		{7A7699C8-CB4D-4348-AF19-28C8F08A35AE}.Debug|Any CPU.ActiveCfg = Debug|Any CPU
		{7A7699C8-CB4D-4348-AF19-28C8F08A35AE}.Debug|Any CPU.Build.0 = Debug|Any CPU
		{7A7699C8-CB4D-4348-AF19-28C8F08A35AE}.Release|Any CPU.ActiveCfg = Release|Any CPU
		{7A7699C8-CB4D-4348-AF19-28C8F08A35AE}.Release|Any CPU.Build.0 = Release|Any CPU
	EndGlobalSection
	GlobalSection(SolutionProperties) = preSolution
		HideSolutionNode = FALSE
	EndGlobalSection
	GlobalSection(ExtensibilityGlobals) = postSolution
		SolutionGuid = {7B86E177-1F02-4B4C-955E-7173A314D5A6}
	EndGlobalSection
EndGlobal
