
Microsoft Visual Studio Solution File, Format Version 12.00
# Visual Studio Version 17
VisualStudioVersion = 17.9.34728.123
MinimumVisualStudioVersion = 10.0.40219.1
Project("{FAE04EC0-301F-11D3-BF4B-00C04F79EFBC}") = "Bee1003", "Bee1003\Bee1003.csproj", "{577CCBF5-C501-43BA-8D19-141FEC0A30EF}"
EndProject
Global
	GlobalSection(SolutionConfigurationPlatforms) = preSolution
		Debug|Any CPU = Debug|Any CPU
		Release|Any CPU = Release|Any CPU
	EndGlobalSection
	GlobalSection(ProjectConfigurationPlatforms) = postSolution
		{577CCBF5-C501-43BA-8D19-141FEC0A30EF}.Debug|Any CPU.ActiveCfg = Debug|Any CPU
		{577CCBF5-C501-43BA-8D19-141FEC0A30EF}.Debug|Any CPU.Build.0 = Debug|Any CPU
		{577CCBF5-C501-43BA-8D19-141FEC0A30EF}.Release|Any CPU.ActiveCfg = Release|Any CPU
		{577CCBF5-C501-43BA-8D19-141FEC0A30EF}.Release|Any CPU.Build.0 = Release|Any CPU
	EndGlobalSection
	GlobalSection(SolutionProperties) = preSolution
		HideSolutionNode = FALSE
	EndGlobalSection
	GlobalSection(ExtensibilityGlobals) = postSolution
		SolutionGuid = {F76755C1-2D46-4DE7-AD20-56408E6688EB}
	EndGlobalSection
EndGlobal
