
Microsoft Visual Studio Solution File, Format Version 12.00
Project("{FAE04EC0-301F-11D3-BF4B-00C04F79EFBC}") = "Bee1021", "Bee1021\Bee1021.csproj", "{AFDDCFC4-18C6-4598-9085-27E08A012301}"
EndProject
Global
	GlobalSection(SolutionConfigurationPlatforms) = preSolution
		Debug|Any CPU = Debug|Any CPU
		Release|Any CPU = Release|Any CPU
	EndGlobalSection
	GlobalSection(ProjectConfigurationPlatforms) = postSolution
		{AFDDCFC4-18C6-4598-9085-27E08A012301}.Debug|Any CPU.ActiveCfg = Debug|Any CPU
		{AFDDCFC4-18C6-4598-9085-27E08A012301}.Debug|Any CPU.Build.0 = Debug|Any CPU
		{AFDDCFC4-18C6-4598-9085-27E08A012301}.Release|Any CPU.ActiveCfg = Release|Any CPU
		{AFDDCFC4-18C6-4598-9085-27E08A012301}.Release|Any CPU.Build.0 = Release|Any CPU
	EndGlobalSection
EndGlobal
