
Microsoft Visual Studio Solution File, Format Version 12.00
Project("{FAE04EC0-301F-11D3-BF4B-00C04F79EFBC}") = "Bee1035", "Bee1035\Bee1035.csproj", "{410525E7-9B00-4EAD-84C7-87A39628137A}"
EndProject
Global
	GlobalSection(SolutionConfigurationPlatforms) = preSolution
		Debug|Any CPU = Debug|Any CPU
		Release|Any CPU = Release|Any CPU
	EndGlobalSection
	GlobalSection(ProjectConfigurationPlatforms) = postSolution
		{410525E7-9B00-4EAD-84C7-87A39628137A}.Debug|Any CPU.ActiveCfg = Debug|Any CPU
		{410525E7-9B00-4EAD-84C7-87A39628137A}.Debug|Any CPU.Build.0 = Debug|Any CPU
		{410525E7-9B00-4EAD-84C7-87A39628137A}.Release|Any CPU.ActiveCfg = Release|Any CPU
		{410525E7-9B00-4EAD-84C7-87A39628137A}.Release|Any CPU.Build.0 = Release|Any CPU
	EndGlobalSection
EndGlobal
